
Microsoft Visual Studio Solution File, Format Version 12.00
# Visual Studio Version 16
VisualStudioVersion = 16.0.810.17
MinimumVisualStudioVersion = 10.0.40219.1
Project("{FAE04EC0-301F-11D3-BF4B-00C04F79EFBC}") = "WEB1001-Assignment", "WEB1001-Assignment\WEB1001-Assignment.csproj", "{268E4ED1-5889-4DAF-B673-7445240E5472}"
EndProject
Global
	GlobalSection(SolutionConfigurationPlatforms) = preSolution
		Debug|Any CPU = Debug|Any CPU
		Release|Any CPU = Release|Any CPU
	EndGlobalSection
	GlobalSection(ProjectConfigurationPlatforms) = postSolution
		{268E4ED1-5889-4DAF-B673-7445240E5472}.Debug|Any CPU.ActiveCfg = Debug|Any CPU
		{268E4ED1-5889-4DAF-B673-7445240E5472}.Debug|Any CPU.Build.0 = Debug|Any CPU
		{268E4ED1-5889-4DAF-B673-7445240E5472}.Release|Any CPU.ActiveCfg = Release|Any CPU
		{268E4ED1-5889-4DAF-B673-7445240E5472}.Release|Any CPU.Build.0 = Release|Any CPU
	EndGlobalSection
	GlobalSection(SolutionProperties) = preSolution
		HideSolutionNode = FALSE
	EndGlobalSection
	GlobalSection(ExtensibilityGlobals) = postSolution
		SolutionGuid = {1A854EF9-9C74-436C-AA04-64AA48115A42}
	EndGlobalSection
EndGlobal
